
Microsoft Visual Studio Solution File, Format Version 12.00
# Visual Studio Version 17
VisualStudioVersion = 17.4.33122.133
MinimumVisualStudioVersion = 10.0.40219.1
Project("{FAE04EC0-301F-11D3-BF4B-00C04F79EFBC}") = "Encapsulation", "Encapsulation\Encapsulation.csproj", "{829322E6-0C16-47FE-8E52-96781AFE0B97}"
EndProject
Project("{FAE04EC0-301F-11D3-BF4B-00C04F79EFBC}") = "Abstraction", "Abstraction\Abstraction.csproj", "{F4609935-BD95-4586-91EE-E8286D40461C}"
EndProject
Project("{FAE04EC0-301F-11D3-BF4B-00C04F79EFBC}") = "Inheritance", "Inheritance\Inheritance.csproj", "{4351ECDD-C88F-4995-840C-3FADD0FF1043}"
EndProject
Project("{FAE04EC0-301F-11D3-BF4B-00C04F79EFBC}") = "Polymorphism", "Polymorphism\Polymorphism.csproj", "{DD62257F-B945-42C6-8D77-538E5159DEF3}"
EndProject
Project("{FAE04EC0-301F-11D3-BF4B-00C04F79EFBC}") = "UtilityLibrary", "UtilityLibrary\UtilityLibrary.csproj", "{ECAA1262-48CE-4C0A-B8EA-A118BB095CD8}"
EndProject
Global
	GlobalSection(SolutionConfigurationPlatforms) = preSolution
		Debug|Any CPU = Debug|Any CPU
		Release|Any CPU = Release|Any CPU
	EndGlobalSection
	GlobalSection(ProjectConfigurationPlatforms) = postSolution
		{829322E6-0C16-47FE-8E52-96781AFE0B97}.Debug|Any CPU.ActiveCfg = Debug|Any CPU
		{829322E6-0C16-47FE-8E52-96781AFE0B97}.Debug|Any CPU.Build.0 = Debug|Any CPU
		{829322E6-0C16-47FE-8E52-96781AFE0B97}.Release|Any CPU.ActiveCfg = Release|Any CPU
		{829322E6-0C16-47FE-8E52-96781AFE0B97}.Release|Any CPU.Build.0 = Release|Any CPU
		{F4609935-BD95-4586-91EE-E8286D40461C}.Debug|Any CPU.ActiveCfg = Debug|Any CPU
		{F4609935-BD95-4586-91EE-E8286D40461C}.Debug|Any CPU.Build.0 = Debug|Any CPU
		{F4609935-BD95-4586-91EE-E8286D40461C}.Release|Any CPU.ActiveCfg = Release|Any CPU
		{F4609935-BD95-4586-91EE-E8286D40461C}.Release|Any CPU.Build.0 = Release|Any CPU
		{4351ECDD-C88F-4995-840C-3FADD0FF1043}.Debug|Any CPU.ActiveCfg = Debug|Any CPU
		{4351ECDD-C88F-4995-840C-3FADD0FF1043}.Debug|Any CPU.Build.0 = Debug|Any CPU
		{4351ECDD-C88F-4995-840C-3FADD0FF1043}.Release|Any CPU.ActiveCfg = Release|Any CPU
		{4351ECDD-C88F-4995-840C-3FADD0FF1043}.Release|Any CPU.Build.0 = Release|Any CPU
		{DD62257F-B945-42C6-8D77-538E5159DEF3}.Debug|Any CPU.ActiveCfg = Debug|Any CPU
		{DD62257F-B945-42C6-8D77-538E5159DEF3}.Debug|Any CPU.Build.0 = Debug|Any CPU
		{DD62257F-B945-42C6-8D77-538E5159DEF3}.Release|Any CPU.ActiveCfg = Release|Any CPU
		{DD62257F-B945-42C6-8D77-538E5159DEF3}.Release|Any CPU.Build.0 = Release|Any CPU
		{ECAA1262-48CE-4C0A-B8EA-A118BB095CD8}.Debug|Any CPU.ActiveCfg = Debug|Any CPU
		{ECAA1262-48CE-4C0A-B8EA-A118BB095CD8}.Debug|Any CPU.Build.0 = Debug|Any CPU
		{ECAA1262-48CE-4C0A-B8EA-A118BB095CD8}.Release|Any CPU.ActiveCfg = Release|Any CPU
		{ECAA1262-48CE-4C0A-B8EA-A118BB095CD8}.Release|Any CPU.Build.0 = Release|Any CPU
	EndGlobalSection
	GlobalSection(SolutionProperties) = preSolution
		HideSolutionNode = FALSE
	EndGlobalSection
	GlobalSection(ExtensibilityGlobals) = postSolution
		SolutionGuid = {D72418DD-E56F-4E7B-AD01-284073743F4E}
	EndGlobalSection
EndGlobal
